// !$*UTF8*$!
{
	archiveVersion = 1;
	classes = {
	};
	objectVersion = 50;
	objects = {

/* Begin PBXBuildFile section */
		02174CA6228686D7005B1F38 /* AppDelegate.swift in Sources */ = {isa = PBXBuildFile; fileRef = 02174CA5228686D7005B1F38 /* AppDelegate.swift */; };
		02174CA8228686D7005B1F38 /* ViewController.swift in Sources */ = {isa = PBXBuildFile; fileRef = 02174CA7228686D7005B1F38 /* ViewController.swift */; };
		02174CAB228686D7005B1F38 /* Main.storyboard in Resources */ = {isa = PBXBuildFile; fileRef = 02174CA9228686D7005B1F38 /* Main.storyboard */; };
		02174CAD228686D7005B1F38 /* Assets.xcassets in Resources */ = {isa = PBXBuildFile; fileRef = 02174CAC228686D7005B1F38 /* Assets.xcassets */; };
		02174CB0228686D7005B1F38 /* LaunchScreen.storyboard in Resources */ = {isa = PBXBuildFile; fileRef = 02174CAE228686D7005B1F38 /* LaunchScreen.storyboard */; };
		02174CBB228686D7005B1F38 /* TwitterTests.swift in Sources */ = {isa = PBXBuildFile; fileRef = 02174CBA228686D7005B1F38 /* TwitterTests.swift */; };
		02174CC6228686D8005B1F38 /* TwitterUITests.swift in Sources */ = {isa = PBXBuildFile; fileRef = 02174CC5228686D8005B1F38 /* TwitterUITests.swift */; };
/* End PBXBuildFile section */

/* Begin PBXContainerItemProxy section */
		02174CB7228686D7005B1F38 /* PBXContainerItemProxy */ = {
			isa = PBXContainerItemProxy;
			containerPortal = 02174C9A228686D7005B1F38 /* Project object */;
			proxyType = 1;
			remoteGlobalIDString = 02174CA1228686D7005B1F38;
			remoteInfo = Twitter;
		};
		02174CC2228686D8005B1F38 /* PBXContainerItemProxy */ = {
			isa = PBXContainerItemProxy;
			containerPortal = 02174C9A228686D7005B1F38 /* Project object */;
			proxyType = 1;
			remoteGlobalIDString = 02174CA1228686D7005B1F38;
			remoteInfo = Twitter;
		};
/* End PBXContainerItemProxy section */

/* Begin PBXFileReference section */
		02174CA2228686D7005B1F38 /* Twitter.app */ = {isa = PBXFileReference; explicitFileType = wrapper.application; includeInIndex = 0; path = Twitter.app; sourceTree = BUILT_PRODUCTS_DIR; };
		02174CA5228686D7005B1F38 /* AppDelegate.swift */ = {isa = PBXFileReference; lastKnownFileType = sourcecode.swift; path = AppDelegate.swift; sourceTree = "<group>"; };
		02174CA7228686D7005B1F38 /* ViewController.swift */ = {isa = PBXFileReference; lastKnownFileType = sourcecode.swift; path = ViewController.swift; sourceTree = "<group>"; };
		02174CAA228686D7005B1F38 /* Base */ = {isa = PBXFileReference; lastKnownFileType = file.storyboard; name = Base; path = Base.lproj/Main.storyboard; sourceTree = "<group>"; };
		02174CAC228686D7005B1F38 /* Assets.xcassets */ = {isa = PBXFileReference; lastKnownFileType = folder.assetcatalog; path = Assets.xcassets; sourceTree = "<group>"; };
		02174CAF228686D7005B1F38 /* Base */ = {isa = PBXFileReference; lastKnownFileType = file.storyboard; name = Base; path = Base.lproj/LaunchScreen.storyboard; sourceTree = "<group>"; };
		02174CB1228686D7005B1F38 /* Info.plist */ = {isa = PBXFileReference; lastKnownFileType = text.plist.xml; path = Info.plist; sourceTree = "<group>"; };
		02174CB6228686D7005B1F38 /* TwitterTests.xctest */ = {isa = PBXFileReference; explicitFileType = wrapper.cfbundle; includeInIndex = 0; path = TwitterTests.xctest; sourceTree = BUILT_PRODUCTS_DIR; };
		02174CBA228686D7005B1F38 /* TwitterTests.swift */ = {isa = PBXFileReference; lastKnownFileType = sourcecode.swift; path = TwitterTests.swift; sourceTree = "<group>"; };
		02174CBC228686D7005B1F38 /* Info.plist */ = {isa = PBXFileReference; lastKnownFileType = text.plist.xml; path = Info.plist; sourceTree = "<group>"; };
		02174CC1228686D8005B1F38 /* TwitterUITests.xctest */ = {isa = PBXFileReference; explicitFileType = wrapper.cfbundle; includeInIndex = 0; path = TwitterUITests.xctest; sourceTree = BUILT_PRODUCTS_DIR; };
		02174CC5228686D8005B1F38 /* TwitterUITests.swift */ = {isa = PBXFileReference; lastKnownFileType = sourcecode.swift; path = TwitterUITests.swift; sourceTree = "<group>"; };
		02174CC7228686D8005B1F38 /* Info.plist */ = {isa = PBXFileReference; lastKnownFileType = text.plist.xml; path = Info.plist; sourceTree = "<group>"; };
/* End PBXFileReference section */

/* Begin PBXFrameworksBuildPhase section */
		02174C9F228686D7005B1F38 /* Frameworks */ = {
			isa = PBXFrameworksBuildPhase;
			buildActionMask = 2147483647;
			files = (
			);
			runOnlyForDeploymentPostprocessing = 0;
		};
		02174CB3228686D7005B1F38 /* Frameworks */ = {
			isa = PBXFrameworksBuildPhase;
			buildActionMask = 2147483647;
			files = (
			);
			runOnlyForDeploymentPostprocessing = 0;
		};
		02174CBE228686D8005B1F38 /* Frameworks */ = {
			isa = PBXFrameworksBuildPhase;
			buildActionMask = 2147483647;
			files = (
			);
			runOnlyForDeploymentPostprocessing = 0;
		};
/* End PBXFrameworksBuildPhase section */

/* Begin PBXGroup section */
		02174C99228686D7005B1F38 = {
			isa = PBXGroup;
			children = (
				02174CA4228686D7005B1F38 /* Twitter */,
				02174CB9228686D7005B1F38 /* TwitterTests */,
				02174CC4228686D8005B1F38 /* TwitterUITests */,
				02174CA3228686D7005B1F38 /* Products */,
			);
			sourceTree = "<group>";
		};
		02174CA3228686D7005B1F38 /* Products */ = {
			isa = PBXGroup;
			children = (
				02174CA2228686D7005B1F38 /* Twitter.app */,
				02174CB6228686D7005B1F38 /* TwitterTests.xctest */,
				02174CC1228686D8005B1F38 /* TwitterUITests.xctest */,
			);
			name = Products;
			sourceTree = "<group>";
		};
		02174CA4228686D7005B1F38 /* Twitter */ = {
			isa = PBXGroup;
			children = (
				02174CA5228686D7005B1F38 /* AppDelegate.swift */,
				02174CA7228686D7005B1F38 /* ViewController.swift */,
				02174CA9228686D7005B1F38 /* Main.storyboard */,
				02174CAC228686D7005B1F38 /* Assets.xcassets */,
				02174CAE228686D7005B1F38 /* LaunchScreen.storyboard */,
				02174CB1228686D7005B1F38 /* Info.plist */,
			);
			path = Twitter;
			sourceTree = "<group>";
		};
		02174CB9228686D7005B1F38 /* TwitterTests */ = {
			isa = PBXGroup;
			children = (
				02174CBA228686D7005B1F38 /* TwitterTests.swift */,
				02174CBC228686D7005B1F38 /* Info.plist */,
			);
			path = TwitterTests;
			sourceTree = "<group>";
		};
		02174CC4228686D8005B1F38 /* TwitterUITests */ = {
			isa = PBXGroup;
			children = (
				02174CC5228686D8005B1F38 /* TwitterUITests.swift */,
				02174CC7228686D8005B1F38 /* Info.plist */,
			);
			path = TwitterUITests;
			sourceTree = "<group>";
		};
/* End PBXGroup section */

/* Begin PBXNativeTarget section */
		02174CA1228686D7005B1F38 /* Twitter */ = {
			isa = PBXNativeTarget;
			buildConfigurationList = 02174CCA228686D8005B1F38 /* Build configuration list for PBXNativeTarget "Twitter" */;
			buildPhases = (
				02174C9E228686D7005B1F38 /* Sources */,
				02174C9F228686D7005B1F38 /* Frameworks */,
				02174CA0228686D7005B1F38 /* Resources */,
			);
			buildRules = (
			);
			dependencies = (
			);
			name = Twitter;
			productName = Twitter;
			productReference = 02174CA2228686D7005B1F38 /* Twitter.app */;
			productType = "com.apple.product-type.application";
		};
		02174CB5228686D7005B1F38 /* TwitterTests */ = {
			isa = PBXNativeTarget;
			buildConfigurationList = 02174CCD228686D8005B1F38 /* Build configuration list for PBXNativeTarget "TwitterTests" */;
			buildPhases = (
				02174CB2228686D7005B1F38 /* Sources */,
				02174CB3228686D7005B1F38 /* Frameworks */,
				02174CB4228686D7005B1F38 /* Resources */,
			);
			buildRules = (
			);
			dependencies = (
				02174CB8228686D7005B1F38 /* PBXTargetDependency */,
			);
			name = TwitterTests;
			productName = TwitterTests;
			productReference = 02174CB6228686D7005B1F38 /* TwitterTests.xctest */;
			productType = "com.apple.product-type.bundle.unit-test";
		};
		02174CC0228686D8005B1F38 /* TwitterUITests */ = {
			isa = PBXNativeTarget;
			buildConfigurationList = 02174CD0228686D8005B1F38 /* Build configuration list for PBXNativeTarget "TwitterUITests" */;
			buildPhases = (
				02174CBD228686D8005B1F38 /* Sources */,
				02174CBE228686D8005B1F38 /* Frameworks */,
				02174CBF228686D8005B1F38 /* Resources */,
			);
			buildRules = (
			);
			dependencies = (
				02174CC3228686D8005B1F38 /* PBXTargetDependency */,
			);
			name = TwitterUITests;
			productName = TwitterUITests;
			productReference = 02174CC1228686D8005B1F38 /* TwitterUITests.xctest */;
			productType = "com.apple.product-type.bundle.ui-testing";
		};
/* End PBXNativeTarget section */

/* Begin PBXProject section */
		02174C9A228686D7005B1F38 /* Project object */ = {
			isa = PBXProject;
			attributes = {
				LastSwiftUpdateCheck = 1020;
				LastUpgradeCheck = 1020;
				ORGANIZATIONNAME = "Phuc Nguyen";
				TargetAttributes = {
					02174CA1228686D7005B1F38 = {
						CreatedOnToolsVersion = 10.2.1;
					};
					02174CB5228686D7005B1F38 = {
						CreatedOnToolsVersion = 10.2.1;
						TestTargetID = 02174CA1228686D7005B1F38;
					};
					02174CC0228686D8005B1F38 = {
						CreatedOnToolsVersion = 10.2.1;
						TestTargetID = 02174CA1228686D7005B1F38;
					};
				};
			};
			buildConfigurationList = 02174C9D228686D7005B1F38 /* Build configuration list for PBXProject "Twitter" */;
			compatibilityVersion = "Xcode 9.3";
			developmentRegion = en;
			hasScannedForEncodings = 0;
			knownRegions = (
				en,
				Base,
			);
			mainGroup = 02174C99228686D7005B1F38;
			productRefGroup = 02174CA3228686D7005B1F38 /* Products */;
			projectDirPath = "";
			projectRoot = "";
			targets = (
				02174CA1228686D7005B1F38 /* Twitter */,
				02174CB5228686D7005B1F38 /* TwitterTests */,
				02174CC0228686D8005B1F38 /* TwitterUITests */,
			);
		};
/* End PBXProject section */

/* Begin PBXResourcesBuildPhase section */
		02174CA0228686D7005B1F38 /* Resources */ = {
			isa = PBXResourcesBuildPhase;
			buildActionMask = 2147483647;
			files = (
				02174CB0228686D7005B1F38 /* LaunchScreen.storyboard in Resources */,
				02174CAD228686D7005B1F38 /* Assets.xcassets in Resources */,
				02174CAB228686D7005B1F38 /* Main.storyboard in Resources */,
			);
			runOnlyForDeploymentPostprocessing = 0;
		};
		02174CB4228686D7005B1F38 /* Resources */ = {
			isa = PBXResourcesBuildPhase;
			buildActionMask = 2147483647;
			files = (
			);
			runOnlyForDeploymentPostprocessing = 0;
		};
		02174CBF228686D8005B1F38 /* Resources */ = {
			isa = PBXResourcesBuildPhase;
			buildActionMask = 2147483647;
			files = (
			);
			runOnlyForDeploymentPostprocessing = 0;
		};
/* End PBXResourcesBuildPhase section */

/* Begin PBXSourcesBuildPhase section */
		02174C9E228686D7005B1F38 /* Sources */ = {
			isa = PBXSourcesBuildPhase;
			buildActionMask = 2147483647;
			files = (
				02174CA8228686D7005B1F38 /* ViewController.swift in Sources */,
				02174CA6228686D7005B1F38 /* AppDelegate.swift in Sources */,
			);
			runOnlyForDeploymentPostprocessing = 0;
		};
		02174CB2228686D7005B1F38 /* Sources */ = {
			isa = PBXSourcesBuildPhase;
			buildActionMask = 2147483647;
			files = (
				02174CBB228686D7005B1F38 /* TwitterTests.swift in Sources */,
			);
			runOnlyForDeploymentPostprocessing = 0;
		};
		02174CBD228686D8005B1F38 /* Sources */ = {
			isa = PBXSourcesBuildPhase;
			buildActionMask = 2147483647;
			files = (
				02174CC6228686D8005B1F38 /* TwitterUITests.swift in Sources */,
			);
			runOnlyForDeploymentPostprocessing = 0;
		};
/* End PBXSourcesBuildPhase section */

/* Begin PBXTargetDependency section */
		02174CB8228686D7005B1F38 /* PBXTargetDependency */ = {
			isa = PBXTargetDependency;
			target = 02174CA1228686D7005B1F38 /* Twitter */;
			targetProxy = 02174CB7228686D7005B1F38 /* PBXContainerItemProxy */;
		};
		02174CC3228686D8005B1F38 /* PBXTargetDependency */ = {
			isa = PBXTargetDependency;
			target = 02174CA1228686D7005B1F38 /* Twitter */;
			targetProxy = 02174CC2228686D8005B1F38 /* PBXContainerItemProxy */;
		};
/* End PBXTargetDependency section */

/* Begin PBXVariantGroup section */
		02174CA9228686D7005B1F38 /* Main.storyboard */ = {
			isa = PBXVariantGroup;
			children = (
				02174CAA228686D7005B1F38 /* Base */,
			);
			name = Main.storyboard;
			sourceTree = "<group>";
		};
		02174CAE228686D7005B1F38 /* LaunchScreen.storyboard */ = {
			isa = PBXVariantGroup;
			children = (
				02174CAF228686D7005B1F38 /* Base */,
			);
			name = LaunchScreen.storyboard;
			sourceTree = "<group>";
		};
/* End PBXVariantGroup section */

/* Begin XCBuildConfiguration section */
		02174CC8228686D8005B1F38 /* Debug */ = {
			isa = XCBuildConfiguration;
			buildSettings = {
				ALWAYS_SEARCH_USER_PATHS = NO;
				CLANG_ANALYZER_NONNULL = YES;
				CLANG_ANALYZER_NUMBER_OBJECT_CONVERSION = YES_AGGRESSIVE;
				CLANG_CXX_LANGUAGE_STANDARD = "gnu++14";
				CLANG_CXX_LIBRARY = "libc++";
				CLANG_ENABLE_MODULES = YES;
				CLANG_ENABLE_OBJC_ARC = YES;
				CLANG_ENABLE_OBJC_WEAK = YES;
				CLANG_WARN_BLOCK_CAPTURE_AUTORELEASING = YES;
				CLANG_WARN_BOOL_CONVERSION = YES;
				CLANG_WARN_COMMA = YES;
				CLANG_WARN_CONSTANT_CONVERSION = YES;
				CLANG_WARN_DEPRECATED_OBJC_IMPLEMENTATIONS = YES;
				CLANG_WARN_DIRECT_OBJC_ISA_USAGE = YES_ERROR;
				CLANG_WARN_DOCUMENTATION_COMMENTS = YES;
				CLANG_WARN_EMPTY_BODY = YES;
				CLANG_WARN_ENUM_CONVERSION = YES;
				CLANG_WARN_INFINITE_RECURSION = YES;
				CLANG_WARN_INT_CONVERSION = YES;
				CLANG_WARN_NON_LITERAL_NULL_CONVERSION = YES;
				CLANG_WARN_OBJC_IMPLICIT_RETAIN_SELF = YES;
				CLANG_WARN_OBJC_LITERAL_CONVERSION = YES;
				CLANG_WARN_OBJC_ROOT_CLASS = YES_ERROR;
				CLANG_WARN_RANGE_LOOP_ANALYSIS = YES;
				CLANG_WARN_STRICT_PROTOTYPES = YES;
				CLANG_WARN_SUSPICIOUS_MOVE = YES;
				CLANG_WARN_UNGUARDED_AVAILABILITY = YES_AGGRESSIVE;
				CLANG_WARN_UNREACHABLE_CODE = YES;
				CLANG_WARN__DUPLICATE_METHOD_MATCH = YES;
				CODE_SIGN_IDENTITY = "iPhone Developer";
				COPY_PHASE_STRIP = NO;
				DEBUG_INFORMATION_FORMAT = dwarf;
				ENABLE_STRICT_OBJC_MSGSEND = YES;
				ENABLE_TESTABILITY = YES;
				GCC_C_LANGUAGE_STANDARD = gnu11;
				GCC_DYNAMIC_NO_PIC = NO;
				GCC_NO_COMMON_BLOCKS = YES;
				GCC_OPTIMIZATION_LEVEL = 0;
				GCC_PREPROCESSOR_DEFINITIONS = (
					"DEBUG=1",
					"$(inherited)",
				);
				GCC_WARN_64_TO_32_BIT_CONVERSION = YES;
				GCC_WARN_ABOUT_RETURN_TYPE = YES_ERROR;
				GCC_WARN_UNDECLARED_SELECTOR = YES;
				GCC_WARN_UNINITIALIZED_AUTOS = YES_AGGRESSIVE;
				GCC_WARN_UNUSED_FUNCTION = YES;
				GCC_WARN_UNUSED_VARIABLE = YES;
				IPHONEOS_DEPLOYMENT_TARGET = 12.2;
				MTL_ENABLE_DEBUG_INFO = INCLUDE_SOURCE;
				MTL_FAST_MATH = YES;
				ONLY_ACTIVE_ARCH = YES;
				SDKROOT = iphoneos;
				SWIFT_ACTIVE_COMPILATION_CONDITIONS = DEBUG;
				SWIFT_OPTIMIZATION_LEVEL = "-Onone";
			};
			name = Debug;
		};
		02174CC9228686D8005B1F38 /* Release */ = {
			isa = XCBuildConfiguration;
			buildSettings = {
				ALWAYS_SEARCH_USER_PATHS = NO;
				CLANG_ANALYZER_NONNULL = YES;
				CLANG_ANALYZER_NUMBER_OBJECT_CONVERSION = YES_AGGRESSIVE;
				CLANG_CXX_LANGUAGE_STANDARD = "gnu++14";
				CLANG_CXX_LIBRARY = "libc++";
				CLANG_ENABLE_MODULES = YES;
				CLANG_ENABLE_OBJC_ARC = YES;
				CLANG_ENABLE_OBJC_WEAK = YES;
				CLANG_WARN_BLOCK_CAPTURE_AUTORELEASING = YES;
				CLANG_WARN_BOOL_CONVERSION = YES;
				CLANG_WARN_COMMA = YES;
				CLANG_WARN_CONSTANT_CONVERSION = YES;
				CLANG_WARN_DEPRECATED_OBJC_IMPLEMENTATIONS = YES;
				CLANG_WARN_DIRECT_OBJC_ISA_USAGE = YES_ERROR;
				CLANG_WARN_DOCUMENTATION_COMMENTS = YES;
				CLANG_WARN_EMPTY_BODY = YES;
				CLANG_WARN_ENUM_CONVERSION = YES;
				CLANG_WARN_INFINITE_RECURSION = YES;
				CLANG_WARN_INT_CONVERSION = YES;
				CLANG_WARN_NON_LITERAL_NULL_CONVERSION = YES;
				CLANG_WARN_OBJC_IMPLICIT_RETAIN_SELF = YES;
				CLANG_WARN_OBJC_LITERAL_CONVERSION = YES;
				CLANG_WARN_OBJC_ROOT_CLASS = YES_ERROR;
				CLANG_WARN_RANGE_LOOP_ANALYSIS = YES;
				CLANG_WARN_STRICT_PROTOTYPES = YES;
				CLANG_WARN_SUSPICIOUS_MOVE = YES;
				CLANG_WARN_UNGUARDED_AVAILABILITY = YES_AGGRESSIVE;
				CLANG_WARN_UNREACHABLE_CODE = YES;
				CLANG_WARN__DUPLICATE_METHOD_MATCH = YES;
				CODE_SIGN_IDENTITY = "iPhone Developer";
				COPY_PHASE_STRIP = NO;
				DEBUG_INFORMATION_FORMAT = "dwarf-with-dsym";
				ENABLE_NS_ASSERTIONS = NO;
				ENABLE_STRICT_OBJC_MSGSEND = YES;
				GCC_C_LANGUAGE_STANDARD = gnu11;
				GCC_NO_COMMON_BLOCKS = YES;
				GCC_WARN_64_TO_32_BIT_CONVERSION = YES;
				GCC_WARN_ABOUT_RETURN_TYPE = YES_ERROR;
				GCC_WARN_UNDECLARED_SELECTOR = YES;
				GCC_WARN_UNINITIALIZED_AUTOS = YES_AGGRESSIVE;
				GCC_WARN_UNUSED_FUNCTION = YES;
				GCC_WARN_UNUSED_VARIABLE = YES;
				IPHONEOS_DEPLOYMENT_TARGET = 12.2;
				MTL_ENABLE_DEBUG_INFO = NO;
				MTL_FAST_MATH = YES;
				SDKROOT = iphoneos;
				SWIFT_COMPILATION_MODE = wholemodule;
				SWIFT_OPTIMIZATION_LEVEL = "-O";
				VALIDATE_PRODUCT = YES;
			};
			name = Release;
		};
		02174CCB228686D8005B1F38 /* Debug */ = {
			isa = XCBuildConfiguration;
			buildSettings = {
				ASSETCATALOG_COMPILER_APPICON_NAME = AppIcon;
				CODE_SIGN_STYLE = Automatic;
				INFOPLIST_FILE = Twitter/Info.plist;
				LD_RUNPATH_SEARCH_PATHS = (
					"$(inherited)",
					"@executable_path/Frameworks",
				);
				PRODUCT_BUNDLE_IDENTIFIER = phucnguyen.Twitter;
				PRODUCT_NAME = "$(TARGET_NAME)";
				SWIFT_VERSION = 5.0;
				TARGETED_DEVICE_FAMILY = "1,2";
			};
			name = Debug;
		};
		02174CCC228686D8005B1F38 /* Release */ = {
			isa = XCBuildConfiguration;
			buildSettings = {
				ASSETCATALOG_COMPILER_APPICON_NAME = AppIcon;
				CODE_SIGN_STYLE = Automatic;
				INFOPLIST_FILE = Twitter/Info.plist;
				LD_RUNPATH_SEARCH_PATHS = (
					"$(inherited)",
					"@executable_path/Frameworks",
				);
				PRODUCT_BUNDLE_IDENTIFIER = phucnguyen.Twitter;
				PRODUCT_NAME = "$(TARGET_NAME)";
				SWIFT_VERSION = 5.0;
				TARGETED_DEVICE_FAMILY = "1,2";
			};
			name = Release;
		};
		02174CCE228686D8005B1F38 /* Debug */ = {
			isa = XCBuildConfiguration;
			buildSettings = {
				ALWAYS_EMBED_SWIFT_STANDARD_LIBRARIES = YES;
				BUNDLE_LOADER = "$(TEST_HOST)";
				CODE_SIGN_STYLE = Automatic;
				INFOPLIST_FILE = TwitterTests/Info.plist;
				LD_RUNPATH_SEARCH_PATHS = (
					"$(inherited)",
					"@executable_path/Frameworks",
					"@loader_path/Frameworks",
				);
				PRODUCT_BUNDLE_IDENTIFIER = phucnguyen.TwitterTests;
				PRODUCT_NAME = "$(TARGET_NAME)";
				SWIFT_VERSION = 5.0;
				TARGETED_DEVICE_FAMILY = "1,2";
				TEST_HOST = "$(BUILT_PRODUCTS_DIR)/Twitter.app/Twitter";
			};
			name = Debug;
		};
		02174CCF228686D8005B1F38 /* Release */ = {
			isa = XCBuildConfiguration;
			buildSettings = {
				ALWAYS_EMBED_SWIFT_STANDARD_LIBRARIES = YES;
				BUNDLE_LOADER = "$(TEST_HOST)";
				CODE_SIGN_STYLE = Automatic;
				INFOPLIST_FILE = TwitterTests/Info.plist;
				LD_RUNPATH_SEARCH_PATHS = (
					"$(inherited)",
					"@executable_path/Frameworks",
					"@loader_path/Frameworks",
				);
				PRODUCT_BUNDLE_IDENTIFIER = phucnguyen.TwitterTests;
				PRODUCT_NAME = "$(TARGET_NAME)";
				SWIFT_VERSION = 5.0;
				TARGETED_DEVICE_FAMILY = "1,2";
				TEST_HOST = "$(BUILT_PRODUCTS_DIR)/Twitter.app/Twitter";
			};
			name = Release;
		};
		02174CD1228686D8005B1F38 /* Debug */ = {
			isa = XCBuildConfiguration;
			buildSettings = {
				ALWAYS_EMBED_SWIFT_STANDARD_LIBRARIES = YES;
				CODE_SIGN_STYLE = Automatic;
				INFOPLIST_FILE = TwitterUITests/Info.plist;
				LD_RUNPATH_SEARCH_PATHS = (
					"$(inherited)",
					"@executable_path/Frameworks",
					"@loader_path/Frameworks",
				);
				PRODUCT_BUNDLE_IDENTIFIER = phucnguyen.TwitterUITests;
				PRODUCT_NAME = "$(TARGET_NAME)";
				SWIFT_VERSION = 5.0;
				TARGETED_DEVICE_FAMILY = "1,2";
				TEST_TARGET_NAME = Twitter;
			};
			name = Debug;
		};
		02174CD2228686D8005B1F38 /* Release */ = {
			isa = XCBuildConfiguration;
			buildSettings = {
				ALWAYS_EMBED_SWIFT_STANDARD_LIBRARIES = YES;
				CODE_SIGN_STYLE = Automatic;
				INFOPLIST_FILE = TwitterUITests/Info.plist;
				LD_RUNPATH_SEARCH_PATHS = (
					"$(inherited)",
					"@executable_path/Frameworks",
					"@loader_path/Frameworks",
				);
				PRODUCT_BUNDLE_IDENTIFIER = phucnguyen.TwitterUITests;
				PRODUCT_NAME = "$(TARGET_NAME)";
				SWIFT_VERSION = 5.0;
				TARGETED_DEVICE_FAMILY = "1,2";
				TEST_TARGET_NAME = Twitter;
			};
			name = Release;
		};
/* End XCBuildConfiguration section */

/* Begin XCConfigurationList section */
		02174C9D228686D7005B1F38 /* Build configuration list for PBXProject "Twitter" */ = {
			isa = XCConfigurationList;
			buildConfigurations = (
				02174CC8228686D8005B1F38 /* Debug */,
				02174CC9228686D8005B1F38 /* Release */,
			);
			defaultConfigurationIsVisible = 0;
			defaultConfigurationName = Release;
		};
		02174CCA228686D8005B1F38 /* Build configuration list for PBXNativeTarget "Twitter" */ = {
			isa = XCConfigurationList;
			buildConfigurations = (
				02174CCB228686D8005B1F38 /* Debug */,
				02174CCC228686D8005B1F38 /* Release */,
			);
			defaultConfigurationIsVisible = 0;
			defaultConfigurationName = Release;
		};
		02174CCD228686D8005B1F38 /* Build configuration list for PBXNativeTarget "TwitterTests" */ = {
			isa = XCConfigurationList;
			buildConfigurations = (
				02174CCE228686D8005B1F38 /* Debug */,
				02174CCF228686D8005B1F38 /* Release */,
			);
			defaultConfigurationIsVisible = 0;
			defaultConfigurationName = Release;
		};
		02174CD0228686D8005B1F38 /* Build configuration list for PBXNativeTarget "TwitterUITests" */ = {
			isa = XCConfigurationList;
			buildConfigurations = (
				02174CD1228686D8005B1F38 /* Debug */,
				02174CD2228686D8005B1F38 /* Release */,
			);
			defaultConfigurationIsVisible = 0;
			defaultConfigurationName = Release;
		};
/* End XCConfigurationList section */
	};
	rootObject = 02174C9A228686D7005B1F38 /* Project object */;
}
